
Microsoft Visual Studio Solution File, Format Version 12.00
# Visual Studio Version 16
VisualStudioVersion = 16.0.29324.140
MinimumVisualStudioVersion = 10.0.40219.1
Project("{FAE04EC0-301F-11D3-BF4B-00C04F79EFBC}") = "DiscordBotUtil", "DiscordBotUtil.csproj", "{C1504ECC-DB52-4624-AEF4-85E430E0C517}"
EndProject
Global
	GlobalSection(SolutionConfigurationPlatforms) = preSolution
		Debug|Any CPU = Debug|Any CPU
		Release|Any CPU = Release|Any CPU
	EndGlobalSection
	GlobalSection(ProjectConfigurationPlatforms) = postSolution
		{C1504ECC-DB52-4624-AEF4-85E430E0C517}.Debug|Any CPU.ActiveCfg = Debug|Any CPU
		{C1504ECC-DB52-4624-AEF4-85E430E0C517}.Debug|Any CPU.Build.0 = Debug|Any CPU
		{C1504ECC-DB52-4624-AEF4-85E430E0C517}.Release|Any CPU.ActiveCfg = Release|Any CPU
		{C1504ECC-DB52-4624-AEF4-85E430E0C517}.Release|Any CPU.Build.0 = Release|Any CPU
	EndGlobalSection
	GlobalSection(SolutionProperties) = preSolution
		HideSolutionNode = FALSE
	EndGlobalSection
	GlobalSection(ExtensibilityGlobals) = postSolution
		SolutionGuid = {4BB1719A-ED16-42F4-99AB-BC8026AEEA33}
	EndGlobalSection
EndGlobal
